// !$*UTF8*$!
{
	archiveVersion = 1;
	classes = {
	};
	objectVersion = 46;
	objects = {

/* Begin PBXBuildFile section */
		3F0F5E4A1E0F819C00DE5744 /* AppDelegate.swift in Sources */ = {isa = PBXBuildFile; fileRef = 3F0F5E491E0F819C00DE5744 /* AppDelegate.swift */; };
		3F0F5E4C1E0F819C00DE5744 /* ViewController.swift in Sources */ = {isa = PBXBuildFile; fileRef = 3F0F5E4B1E0F819C00DE5744 /* ViewController.swift */; };
		3F0F5E4F1E0F819C00DE5744 /* Main.storyboard in Resources */ = {isa = PBXBuildFile; fileRef = 3F0F5E4D1E0F819C00DE5744 /* Main.storyboard */; };
		3F0F5E511E0F819C00DE5744 /* Assets.xcassets in Resources */ = {isa = PBXBuildFile; fileRef = 3F0F5E501E0F819C00DE5744 /* Assets.xcassets */; };
		3F0F5E541E0F819C00DE5744 /* LaunchScreen.storyboard in Resources */ = {isa = PBXBuildFile; fileRef = 3F0F5E521E0F819C00DE5744 /* LaunchScreen.storyboard */; };
		3F0F5E5F1E0F819C00DE5744 /* HCPolytonicGreekKBappTests.swift in Sources */ = {isa = PBXBuildFile; fileRef = 3F0F5E5E1E0F819C00DE5744 /* HCPolytonicGreekKBappTests.swift */; };
		3F0F5E6A1E0F819C00DE5744 /* HCPolytonicGreekKBappUITests.swift in Sources */ = {isa = PBXBuildFile; fileRef = 3F0F5E691E0F819C00DE5744 /* HCPolytonicGreekKBappUITests.swift */; };
		3F0F5E7E1E0F81D700DE5744 /* KeyboardViewController.swift in Sources */ = {isa = PBXBuildFile; fileRef = 3F0F5E7D1E0F81D700DE5744 /* KeyboardViewController.swift */; };
		3F0F5E821E0F81D700DE5744 /* HCPolytonicGreekKB.appex in Embed App Extensions */ = {isa = PBXBuildFile; fileRef = 3F0F5E7B1E0F81D700DE5744 /* HCPolytonicGreekKB.appex */; settings = {ATTRIBUTES = (RemoveHeadersOnCopy, ); }; };
		3F0F5E911E0F875A00DE5744 /* accent.c in Sources */ = {isa = PBXBuildFile; fileRef = 3F0F5E8E1E0F875A00DE5744 /* accent.c */; };
		3F40D7C01E30026100CD6290 /* HCGlobeButton.swift in Sources */ = {isa = PBXBuildFile; fileRef = 3F40D7BF1E30026100CD6290 /* HCGlobeButton.swift */; };
		3F4547AD1E2B0A6300946694 /* HCbutton.swift in Sources */ = {isa = PBXBuildFile; fileRef = 3F4547AC1E2B0A6300946694 /* HCbutton.swift */; };
		3F4A66311E3FB802002109FA /* HCPunctuationButton.swift in Sources */ = {isa = PBXBuildFile; fileRef = 3F4A66301E3FB802002109FA /* HCPunctuationButton.swift */; };
		3F75BDF01E2B17F00093F18E /* HCAccentButton.swift in Sources */ = {isa = PBXBuildFile; fileRef = 3F75BDEF1E2B17F00093F18E /* HCAccentButton.swift */; };
		3F75BDF21E2B1F2D0093F18E /* HCDeleteButton.swift in Sources */ = {isa = PBXBuildFile; fileRef = 3F75BDF11E2B1F2D0093F18E /* HCDeleteButton.swift */; };
		3F77E1B91E4558FF005E2133 /* HCEnterButton.swift in Sources */ = {isa = PBXBuildFile; fileRef = 3F77E1B81E4558FF005E2133 /* HCEnterButton.swift */; };
		3F77E1BB1E455917005E2133 /* HCSpaceButton.swift in Sources */ = {isa = PBXBuildFile; fileRef = 3F77E1BA1E455917005E2133 /* HCSpaceButton.swift */; };
		3F77E1BC1E455A67005E2133 /* HCEnterButton.swift in Sources */ = {isa = PBXBuildFile; fileRef = 3F77E1B81E4558FF005E2133 /* HCEnterButton.swift */; };
		3F77E1BD1E455A6B005E2133 /* HCSpaceButton.swift in Sources */ = {isa = PBXBuildFile; fileRef = 3F77E1BA1E455917005E2133 /* HCSpaceButton.swift */; };
		3F85D1501E43FB5500E5DAA4 /* KeyboardViewController.swift in Sources */ = {isa = PBXBuildFile; fileRef = 3F0F5E7D1E0F81D700DE5744 /* KeyboardViewController.swift */; };
		3F85D1511E43FBAF00E5DAA4 /* HCAccentButton.swift in Sources */ = {isa = PBXBuildFile; fileRef = 3F75BDEF1E2B17F00093F18E /* HCAccentButton.swift */; };
		3F85D1521E43FBB400E5DAA4 /* HCbutton.swift in Sources */ = {isa = PBXBuildFile; fileRef = 3F4547AC1E2B0A6300946694 /* HCbutton.swift */; };
		3F85D1531E43FBB800E5DAA4 /* HCPunctuationButton.swift in Sources */ = {isa = PBXBuildFile; fileRef = 3F4A66301E3FB802002109FA /* HCPunctuationButton.swift */; };
		3F85D1541E43FBBC00E5DAA4 /* HCDeleteButton.swift in Sources */ = {isa = PBXBuildFile; fileRef = 3F75BDF11E2B1F2D0093F18E /* HCDeleteButton.swift */; };
		3F85D1551E43FBC100E5DAA4 /* HCGlobeButton.swift in Sources */ = {isa = PBXBuildFile; fileRef = 3F40D7BF1E30026100CD6290 /* HCGlobeButton.swift */; };
		3F85D1561E43FBC500E5DAA4 /* HCCapsLockButton.swift in Sources */ = {isa = PBXBuildFile; fileRef = 3FC696F51E31BDA600121658 /* HCCapsLockButton.swift */; };
		3F85D15A1E43FCA200E5DAA4 /* HCPolytonicGreek.c in Sources */ = {isa = PBXBuildFile; fileRef = 3F85D1581E43FCA200E5DAA4 /* HCPolytonicGreek.c */; };
		3F85D15B1E43FD1E00E5DAA4 /* accent.c in Sources */ = {isa = PBXBuildFile; fileRef = 3F0F5E8E1E0F875A00DE5744 /* accent.c */; };
		3FB2F91F1E3D551800861B52 /* HopliteKBLogo.xcf in Resources */ = {isa = PBXBuildFile; fileRef = 3FB2F91E1E3D551800861B52 /* HopliteKBLogo.xcf */; };
		3FC696F61E31BDA600121658 /* HCCapsLockButton.swift in Sources */ = {isa = PBXBuildFile; fileRef = 3FC696F51E31BDA600121658 /* HCCapsLockButton.swift */; };
		3FE19A121E2DC8F30088E96C /* newathu5.ttf in Resources */ = {isa = PBXBuildFile; fileRef = 3FE19A111E2DC8F30088E96C /* newathu5.ttf */; };
/* End PBXBuildFile section */

/* Begin PBXContainerItemProxy section */
		3F0F5E5B1E0F819C00DE5744 /* PBXContainerItemProxy */ = {
			isa = PBXContainerItemProxy;
			containerPortal = 3F0F5E3E1E0F819C00DE5744 /* Project object */;
			proxyType = 1;
			remoteGlobalIDString = 3F0F5E451E0F819C00DE5744;
			remoteInfo = HCPolytonicGreekKBapp;
		};
		3F0F5E661E0F819C00DE5744 /* PBXContainerItemProxy */ = {
			isa = PBXContainerItemProxy;
			containerPortal = 3F0F5E3E1E0F819C00DE5744 /* Project object */;
			proxyType = 1;
			remoteGlobalIDString = 3F0F5E451E0F819C00DE5744;
			remoteInfo = HCPolytonicGreekKBapp;
		};
		3F0F5E801E0F81D700DE5744 /* PBXContainerItemProxy */ = {
			isa = PBXContainerItemProxy;
			containerPortal = 3F0F5E3E1E0F819C00DE5744 /* Project object */;
			proxyType = 1;
			remoteGlobalIDString = 3F0F5E7A1E0F81D700DE5744;
			remoteInfo = HCPolytonicGreekKB;
		};
/* End PBXContainerItemProxy section */

/* Begin PBXCopyFilesBuildPhase section */
		3F0F5E861E0F81D700DE5744 /* Embed App Extensions */ = {
			isa = PBXCopyFilesBuildPhase;
			buildActionMask = 2147483647;
			dstPath = "";
			dstSubfolderSpec = 13;
			files = (
				3F0F5E821E0F81D700DE5744 /* HCPolytonicGreekKB.appex in Embed App Extensions */,
			);
			name = "Embed App Extensions";
			runOnlyForDeploymentPostprocessing = 0;
		};
/* End PBXCopyFilesBuildPhase section */

/* Begin PBXFileReference section */
		3F0F5E461E0F819C00DE5744 /* HCPolytonicGreekKBapp.app */ = {isa = PBXFileReference; explicitFileType = wrapper.application; includeInIndex = 0; path = HCPolytonicGreekKBapp.app; sourceTree = BUILT_PRODUCTS_DIR; };
		3F0F5E491E0F819C00DE5744 /* AppDelegate.swift */ = {isa = PBXFileReference; lastKnownFileType = sourcecode.swift; path = AppDelegate.swift; sourceTree = "<group>"; };
		3F0F5E4B1E0F819C00DE5744 /* ViewController.swift */ = {isa = PBXFileReference; lastKnownFileType = sourcecode.swift; path = ViewController.swift; sourceTree = "<group>"; };
		3F0F5E4E1E0F819C00DE5744 /* Base */ = {isa = PBXFileReference; lastKnownFileType = file.storyboard; name = Base; path = Base.lproj/Main.storyboard; sourceTree = "<group>"; };
		3F0F5E501E0F819C00DE5744 /* Assets.xcassets */ = {isa = PBXFileReference; lastKnownFileType = folder.assetcatalog; path = Assets.xcassets; sourceTree = "<group>"; };
		3F0F5E531E0F819C00DE5744 /* Base */ = {isa = PBXFileReference; lastKnownFileType = file.storyboard; name = Base; path = Base.lproj/LaunchScreen.storyboard; sourceTree = "<group>"; };
		3F0F5E551E0F819C00DE5744 /* Info.plist */ = {isa = PBXFileReference; lastKnownFileType = text.plist.xml; path = Info.plist; sourceTree = "<group>"; };
		3F0F5E5A1E0F819C00DE5744 /* HCPolytonicGreekKBappTests.xctest */ = {isa = PBXFileReference; explicitFileType = wrapper.cfbundle; includeInIndex = 0; path = HCPolytonicGreekKBappTests.xctest; sourceTree = BUILT_PRODUCTS_DIR; };
		3F0F5E5E1E0F819C00DE5744 /* HCPolytonicGreekKBappTests.swift */ = {isa = PBXFileReference; lastKnownFileType = sourcecode.swift; path = HCPolytonicGreekKBappTests.swift; sourceTree = "<group>"; };
		3F0F5E601E0F819C00DE5744 /* Info.plist */ = {isa = PBXFileReference; lastKnownFileType = text.plist.xml; path = Info.plist; sourceTree = "<group>"; };
		3F0F5E651E0F819C00DE5744 /* HCPolytonicGreekKBappUITests.xctest */ = {isa = PBXFileReference; explicitFileType = wrapper.cfbundle; includeInIndex = 0; path = HCPolytonicGreekKBappUITests.xctest; sourceTree = BUILT_PRODUCTS_DIR; };
		3F0F5E691E0F819C00DE5744 /* HCPolytonicGreekKBappUITests.swift */ = {isa = PBXFileReference; lastKnownFileType = sourcecode.swift; path = HCPolytonicGreekKBappUITests.swift; sourceTree = "<group>"; };
		3F0F5E6B1E0F819C00DE5744 /* Info.plist */ = {isa = PBXFileReference; lastKnownFileType = text.plist.xml; path = Info.plist; sourceTree = "<group>"; };
		3F0F5E7B1E0F81D700DE5744 /* HCPolytonicGreekKB.appex */ = {isa = PBXFileReference; explicitFileType = "wrapper.app-extension"; includeInIndex = 0; path = HCPolytonicGreekKB.appex; sourceTree = BUILT_PRODUCTS_DIR; };
		3F0F5E7D1E0F81D700DE5744 /* KeyboardViewController.swift */ = {isa = PBXFileReference; lastKnownFileType = sourcecode.swift; path = KeyboardViewController.swift; sourceTree = "<group>"; };
		3F0F5E7F1E0F81D700DE5744 /* Info.plist */ = {isa = PBXFileReference; lastKnownFileType = text.plist.xml; path = Info.plist; sourceTree = "<group>"; };
		3F0F5E8A1E0F875900DE5744 /* HCPolytonicGreekKB-Bridging-Header.h */ = {isa = PBXFileReference; lastKnownFileType = sourcecode.c.h; path = "HCPolytonicGreekKB-Bridging-Header.h"; sourceTree = "<group>"; };
		3F0F5E8C1E0F875A00DE5744 /* GreekForms.h */ = {isa = PBXFileReference; fileEncoding = 4; lastKnownFileType = sourcecode.c.h; name = GreekForms.h; path = libmorph/GreekForms.h; sourceTree = "<group>"; };
		3F0F5E8D1E0F875A00DE5744 /* GreekUnicode.h */ = {isa = PBXFileReference; fileEncoding = 4; lastKnownFileType = sourcecode.c.h; name = GreekUnicode.h; path = libmorph/GreekUnicode.h; sourceTree = "<group>"; };
		3F0F5E8E1E0F875A00DE5744 /* accent.c */ = {isa = PBXFileReference; fileEncoding = 4; lastKnownFileType = sourcecode.c.c; name = accent.c; path = libmorph/accent.c; sourceTree = "<group>"; };
		3F0F5E8F1E0F875A00DE5744 /* libmorph.h */ = {isa = PBXFileReference; fileEncoding = 4; lastKnownFileType = sourcecode.c.h; name = libmorph.h; path = libmorph/libmorph.h; sourceTree = "<group>"; };
		3F40D7BF1E30026100CD6290 /* HCGlobeButton.swift */ = {isa = PBXFileReference; fileEncoding = 4; lastKnownFileType = sourcecode.swift; path = HCGlobeButton.swift; sourceTree = "<group>"; };
		3F4547AC1E2B0A6300946694 /* HCbutton.swift */ = {isa = PBXFileReference; fileEncoding = 4; lastKnownFileType = sourcecode.swift; path = HCbutton.swift; sourceTree = "<group>"; };
		3F4A66301E3FB802002109FA /* HCPunctuationButton.swift */ = {isa = PBXFileReference; fileEncoding = 4; lastKnownFileType = sourcecode.swift; path = HCPunctuationButton.swift; sourceTree = "<group>"; };
		3F75BDEF1E2B17F00093F18E /* HCAccentButton.swift */ = {isa = PBXFileReference; fileEncoding = 4; lastKnownFileType = sourcecode.swift; path = HCAccentButton.swift; sourceTree = "<group>"; };
		3F75BDF11E2B1F2D0093F18E /* HCDeleteButton.swift */ = {isa = PBXFileReference; fileEncoding = 4; lastKnownFileType = sourcecode.swift; path = HCDeleteButton.swift; sourceTree = "<group>"; };
		3F77E1B81E4558FF005E2133 /* HCEnterButton.swift */ = {isa = PBXFileReference; fileEncoding = 4; lastKnownFileType = sourcecode.swift; path = HCEnterButton.swift; sourceTree = "<group>"; };
		3F77E1BA1E455917005E2133 /* HCSpaceButton.swift */ = {isa = PBXFileReference; fileEncoding = 4; lastKnownFileType = sourcecode.swift; path = HCSpaceButton.swift; sourceTree = "<group>"; };
		3F8003DD1E5D8E75003B2F80 /* HCPolytonicGreekKBapp.entitlements */ = {isa = PBXFileReference; lastKnownFileType = text.plist.entitlements; path = HCPolytonicGreekKBapp.entitlements; sourceTree = "<group>"; };
		3F8003DE1E5D8E9C003B2F80 /* HCPolytonicGreekKB.entitlements */ = {isa = PBXFileReference; lastKnownFileType = text.plist.entitlements; path = HCPolytonicGreekKB.entitlements; sourceTree = "<group>"; };
		3F85D1571E43FCA200E5DAA4 /* HCPolytonicGreekKBapp-Bridging-Header.h */ = {isa = PBXFileReference; lastKnownFileType = sourcecode.c.h; path = "HCPolytonicGreekKBapp-Bridging-Header.h"; sourceTree = "<group>"; };
		3F85D1581E43FCA200E5DAA4 /* HCPolytonicGreek.c */ = {isa = PBXFileReference; fileEncoding = 4; lastKnownFileType = sourcecode.c.c; path = HCPolytonicGreek.c; sourceTree = "<group>"; };
		3F85D1591E43FCA200E5DAA4 /* HCPolytonicGreek.h */ = {isa = PBXFileReference; fileEncoding = 4; lastKnownFileType = sourcecode.c.h; path = HCPolytonicGreek.h; sourceTree = "<group>"; };
		3FB2F91E1E3D551800861B52 /* HopliteKBLogo.xcf */ = {isa = PBXFileReference; lastKnownFileType = file; name = HopliteKBLogo.xcf; path = Images/HopliteKBLogo.xcf; sourceTree = "<group>"; };
		3FC696F51E31BDA600121658 /* HCCapsLockButton.swift */ = {isa = PBXFileReference; fileEncoding = 4; lastKnownFileType = sourcecode.swift; path = HCCapsLockButton.swift; sourceTree = "<group>"; };
		3FE19A111E2DC8F30088E96C /* newathu5.ttf */ = {isa = PBXFileReference; lastKnownFileType = file; path = newathu5.ttf; sourceTree = "<group>"; };
/* End PBXFileReference section */

/* Begin PBXFrameworksBuildPhase section */
		3F0F5E431E0F819C00DE5744 /* Frameworks */ = {
			isa = PBXFrameworksBuildPhase;
			buildActionMask = 2147483647;
			files = (
			);
			runOnlyForDeploymentPostprocessing = 0;
		};
		3F0F5E571E0F819C00DE5744 /* Frameworks */ = {
			isa = PBXFrameworksBuildPhase;
			buildActionMask = 2147483647;
			files = (
			);
			runOnlyForDeploymentPostprocessing = 0;
		};
		3F0F5E621E0F819C00DE5744 /* Frameworks */ = {
			isa = PBXFrameworksBuildPhase;
			buildActionMask = 2147483647;
			files = (
			);
			runOnlyForDeploymentPostprocessing = 0;
		};
		3F0F5E781E0F81D700DE5744 /* Frameworks */ = {
			isa = PBXFrameworksBuildPhase;
			buildActionMask = 2147483647;
			files = (
			);
			runOnlyForDeploymentPostprocessing = 0;
		};
/* End PBXFrameworksBuildPhase section */

/* Begin PBXGroup section */
		3F0F5E3D1E0F819C00DE5744 = {
			isa = PBXGroup;
			children = (
				3F0F5E481E0F819C00DE5744 /* HCPolytonicGreekKBapp */,
				3F0F5E5D1E0F819C00DE5744 /* HCPolytonicGreekKBappTests */,
				3F0F5E681E0F819C00DE5744 /* HCPolytonicGreekKBappUITests */,
				3F0F5E7C1E0F81D700DE5744 /* HCPolytonicGreekKB */,
				3FB2F9191E3D548C00861B52 /* Resources */,
				3F0F5E471E0F819C00DE5744 /* Products */,
			);
			sourceTree = "<group>";
		};
		3F0F5E471E0F819C00DE5744 /* Products */ = {
			isa = PBXGroup;
			children = (
				3F0F5E461E0F819C00DE5744 /* HCPolytonicGreekKBapp.app */,
				3F0F5E5A1E0F819C00DE5744 /* HCPolytonicGreekKBappTests.xctest */,
				3F0F5E651E0F819C00DE5744 /* HCPolytonicGreekKBappUITests.xctest */,
				3F0F5E7B1E0F81D700DE5744 /* HCPolytonicGreekKB.appex */,
			);
			name = Products;
			sourceTree = "<group>";
		};
		3F0F5E481E0F819C00DE5744 /* HCPolytonicGreekKBapp */ = {
			isa = PBXGroup;
			children = (
				3F8003DD1E5D8E75003B2F80 /* HCPolytonicGreekKBapp.entitlements */,
				3FE19A111E2DC8F30088E96C /* newathu5.ttf */,
				3F0F5E491E0F819C00DE5744 /* AppDelegate.swift */,
				3F0F5E4B1E0F819C00DE5744 /* ViewController.swift */,
				3F0F5E4D1E0F819C00DE5744 /* Main.storyboard */,
				3F0F5E501E0F819C00DE5744 /* Assets.xcassets */,
				3F0F5E521E0F819C00DE5744 /* LaunchScreen.storyboard */,
				3F0F5E551E0F819C00DE5744 /* Info.plist */,
				3F85D1581E43FCA200E5DAA4 /* HCPolytonicGreek.c */,
				3F85D1591E43FCA200E5DAA4 /* HCPolytonicGreek.h */,
				3F85D1571E43FCA200E5DAA4 /* HCPolytonicGreekKBapp-Bridging-Header.h */,
			);
			path = HCPolytonicGreekKBapp;
			sourceTree = "<group>";
		};
		3F0F5E5D1E0F819C00DE5744 /* HCPolytonicGreekKBappTests */ = {
			isa = PBXGroup;
			children = (
				3F0F5E5E1E0F819C00DE5744 /* HCPolytonicGreekKBappTests.swift */,
				3F0F5E601E0F819C00DE5744 /* Info.plist */,
			);
			path = HCPolytonicGreekKBappTests;
			sourceTree = "<group>";
		};
		3F0F5E681E0F819C00DE5744 /* HCPolytonicGreekKBappUITests */ = {
			isa = PBXGroup;
			children = (
				3F0F5E691E0F819C00DE5744 /* HCPolytonicGreekKBappUITests.swift */,
				3F0F5E6B1E0F819C00DE5744 /* Info.plist */,
			);
			path = HCPolytonicGreekKBappUITests;
			sourceTree = "<group>";
		};
		3F0F5E7C1E0F81D700DE5744 /* HCPolytonicGreekKB */ = {
			isa = PBXGroup;
			children = (
				3F8003DE1E5D8E9C003B2F80 /* HCPolytonicGreekKB.entitlements */,
				3F0F5E7D1E0F81D700DE5744 /* KeyboardViewController.swift */,
				3F4547AC1E2B0A6300946694 /* HCbutton.swift */,
				3F75BDEF1E2B17F00093F18E /* HCAccentButton.swift */,
				3F4A66301E3FB802002109FA /* HCPunctuationButton.swift */,
				3F75BDF11E2B1F2D0093F18E /* HCDeleteButton.swift */,
				3F40D7BF1E30026100CD6290 /* HCGlobeButton.swift */,
				3FC696F51E31BDA600121658 /* HCCapsLockButton.swift */,
				3F77E1B81E4558FF005E2133 /* HCEnterButton.swift */,
				3F77E1BA1E455917005E2133 /* HCSpaceButton.swift */,
				3F0F5E891E0F873000DE5744 /* libmorph */,
				3F0F5E7F1E0F81D700DE5744 /* Info.plist */,
			);
			path = HCPolytonicGreekKB;
			sourceTree = "<group>";
		};
		3F0F5E891E0F873000DE5744 /* libmorph */ = {
			isa = PBXGroup;
			children = (
				3F0F5E8C1E0F875A00DE5744 /* GreekForms.h */,
				3F0F5E8D1E0F875A00DE5744 /* GreekUnicode.h */,
				3F0F5E8E1E0F875A00DE5744 /* accent.c */,
				3F0F5E8F1E0F875A00DE5744 /* libmorph.h */,
				3F0F5E8A1E0F875900DE5744 /* HCPolytonicGreekKB-Bridging-Header.h */,
			);
			name = libmorph;
			sourceTree = "<group>";
		};
		3FB2F9191E3D548C00861B52 /* Resources */ = {
			isa = PBXGroup;
			children = (
				3FB2F91E1E3D551800861B52 /* HopliteKBLogo.xcf */,
			);
			name = Resources;
			sourceTree = "<group>";
		};
/* End PBXGroup section */

/* Begin PBXNativeTarget section */
		3F0F5E451E0F819C00DE5744 /* HCPolytonicGreekKBapp */ = {
			isa = PBXNativeTarget;
			buildConfigurationList = 3F0F5E6E1E0F819C00DE5744 /* Build configuration list for PBXNativeTarget "HCPolytonicGreekKBapp" */;
			buildPhases = (
				3F0F5E421E0F819C00DE5744 /* Sources */,
				3F0F5E431E0F819C00DE5744 /* Frameworks */,
				3F0F5E441E0F819C00DE5744 /* Resources */,
				3F0F5E861E0F81D700DE5744 /* Embed App Extensions */,
			);
			buildRules = (
			);
			dependencies = (
				3F0F5E811E0F81D700DE5744 /* PBXTargetDependency */,
			);
			name = HCPolytonicGreekKBapp;
			productName = HCPolytonicGreekKBapp;
			productReference = 3F0F5E461E0F819C00DE5744 /* HCPolytonicGreekKBapp.app */;
			productType = "com.apple.product-type.application";
		};
		3F0F5E591E0F819C00DE5744 /* HCPolytonicGreekKBappTests */ = {
			isa = PBXNativeTarget;
			buildConfigurationList = 3F0F5E711E0F819C00DE5744 /* Build configuration list for PBXNativeTarget "HCPolytonicGreekKBappTests" */;
			buildPhases = (
				3F0F5E561E0F819C00DE5744 /* Sources */,
				3F0F5E571E0F819C00DE5744 /* Frameworks */,
				3F0F5E581E0F819C00DE5744 /* Resources */,
			);
			buildRules = (
			);
			dependencies = (
				3F0F5E5C1E0F819C00DE5744 /* PBXTargetDependency */,
			);
			name = HCPolytonicGreekKBappTests;
			productName = HCPolytonicGreekKBappTests;
			productReference = 3F0F5E5A1E0F819C00DE5744 /* HCPolytonicGreekKBappTests.xctest */;
			productType = "com.apple.product-type.bundle.unit-test";
		};
		3F0F5E641E0F819C00DE5744 /* HCPolytonicGreekKBappUITests */ = {
			isa = PBXNativeTarget;
			buildConfigurationList = 3F0F5E741E0F819C00DE5744 /* Build configuration list for PBXNativeTarget "HCPolytonicGreekKBappUITests" */;
			buildPhases = (
				3F0F5E611E0F819C00DE5744 /* Sources */,
				3F0F5E621E0F819C00DE5744 /* Frameworks */,
				3F0F5E631E0F819C00DE5744 /* Resources */,
			);
			buildRules = (
			);
			dependencies = (
				3F0F5E671E0F819C00DE5744 /* PBXTargetDependency */,
			);
			name = HCPolytonicGreekKBappUITests;
			productName = HCPolytonicGreekKBappUITests;
			productReference = 3F0F5E651E0F819C00DE5744 /* HCPolytonicGreekKBappUITests.xctest */;
			productType = "com.apple.product-type.bundle.ui-testing";
		};
		3F0F5E7A1E0F81D700DE5744 /* HCPolytonicGreekKB */ = {
			isa = PBXNativeTarget;
			buildConfigurationList = 3F0F5E831E0F81D700DE5744 /* Build configuration list for PBXNativeTarget "HCPolytonicGreekKB" */;
			buildPhases = (
				3F0F5E771E0F81D700DE5744 /* Sources */,
				3F0F5E781E0F81D700DE5744 /* Frameworks */,
				3F0F5E791E0F81D700DE5744 /* Resources */,
			);
			buildRules = (
			);
			dependencies = (
			);
			name = HCPolytonicGreekKB;
			productName = HCPolytonicGreekKB;
			productReference = 3F0F5E7B1E0F81D700DE5744 /* HCPolytonicGreekKB.appex */;
			productType = "com.apple.product-type.app-extension";
		};
/* End PBXNativeTarget section */

/* Begin PBXProject section */
		3F0F5E3E1E0F819C00DE5744 /* Project object */ = {
			isa = PBXProject;
			attributes = {
				LastSwiftUpdateCheck = 0820;
				LastUpgradeCheck = 0820;
				ORGANIZATIONNAME = "Jeremy March";
				TargetAttributes = {
					3F0F5E451E0F819C00DE5744 = {
						CreatedOnToolsVersion = 8.2.1;
						DevelopmentTeam = EFHC4XFZ38;
						LastSwiftMigration = 0820;
						ProvisioningStyle = Automatic;
						SystemCapabilities = {
							com.apple.ApplicationGroups.iOS = {
								enabled = 1;
							};
						};
					};
					3F0F5E591E0F819C00DE5744 = {
						CreatedOnToolsVersion = 8.2.1;
						DevelopmentTeam = EFHC4XFZ38;
						ProvisioningStyle = Automatic;
						TestTargetID = 3F0F5E451E0F819C00DE5744;
					};
					3F0F5E641E0F819C00DE5744 = {
						CreatedOnToolsVersion = 8.2.1;
						DevelopmentTeam = EFHC4XFZ38;
						ProvisioningStyle = Automatic;
						TestTargetID = 3F0F5E451E0F819C00DE5744;
					};
					3F0F5E7A1E0F81D700DE5744 = {
						CreatedOnToolsVersion = 8.2.1;
						DevelopmentTeam = EFHC4XFZ38;
						LastSwiftMigration = 0820;
						ProvisioningStyle = Automatic;
						SystemCapabilities = {
							com.apple.ApplicationGroups.iOS = {
								enabled = 1;
							};
						};
					};
				};
			};
			buildConfigurationList = 3F0F5E411E0F819C00DE5744 /* Build configuration list for PBXProject "HCPolytonicGreekKBapp" */;
			compatibilityVersion = "Xcode 3.2";
			developmentRegion = English;
			hasScannedForEncodings = 0;
			knownRegions = (
				en,
				Base,
			);
			mainGroup = 3F0F5E3D1E0F819C00DE5744;
			productRefGroup = 3F0F5E471E0F819C00DE5744 /* Products */;
			projectDirPath = "";
			projectRoot = "";
			targets = (
				3F0F5E451E0F819C00DE5744 /* HCPolytonicGreekKBapp */,
				3F0F5E591E0F819C00DE5744 /* HCPolytonicGreekKBappTests */,
				3F0F5E641E0F819C00DE5744 /* HCPolytonicGreekKBappUITests */,
				3F0F5E7A1E0F81D700DE5744 /* HCPolytonicGreekKB */,
			);
		};
/* End PBXProject section */

/* Begin PBXResourcesBuildPhase section */
		3F0F5E441E0F819C00DE5744 /* Resources */ = {
			isa = PBXResourcesBuildPhase;
			buildActionMask = 2147483647;
			files = (
				3F0F5E541E0F819C00DE5744 /* LaunchScreen.storyboard in Resources */,
				3F0F5E511E0F819C00DE5744 /* Assets.xcassets in Resources */,
				3F0F5E4F1E0F819C00DE5744 /* Main.storyboard in Resources */,
				3FE19A121E2DC8F30088E96C /* newathu5.ttf in Resources */,
			);
			runOnlyForDeploymentPostprocessing = 0;
		};
		3F0F5E581E0F819C00DE5744 /* Resources */ = {
			isa = PBXResourcesBuildPhase;
			buildActionMask = 2147483647;
			files = (
			);
			runOnlyForDeploymentPostprocessing = 0;
		};
		3F0F5E631E0F819C00DE5744 /* Resources */ = {
			isa = PBXResourcesBuildPhase;
			buildActionMask = 2147483647;
			files = (
			);
			runOnlyForDeploymentPostprocessing = 0;
		};
		3F0F5E791E0F81D700DE5744 /* Resources */ = {
			isa = PBXResourcesBuildPhase;
			buildActionMask = 2147483647;
			files = (
				3FB2F91F1E3D551800861B52 /* HopliteKBLogo.xcf in Resources */,
			);
			runOnlyForDeploymentPostprocessing = 0;
		};
/* End PBXResourcesBuildPhase section */

/* Begin PBXSourcesBuildPhase section */
		3F0F5E421E0F819C00DE5744 /* Sources */ = {
			isa = PBXSourcesBuildPhase;
			buildActionMask = 2147483647;
			files = (
				3F85D1521E43FBB400E5DAA4 /* HCbutton.swift in Sources */,
				3F85D15A1E43FCA200E5DAA4 /* HCPolytonicGreek.c in Sources */,
				3F85D1511E43FBAF00E5DAA4 /* HCAccentButton.swift in Sources */,
				3F85D1541E43FBBC00E5DAA4 /* HCDeleteButton.swift in Sources */,
				3F0F5E4C1E0F819C00DE5744 /* ViewController.swift in Sources */,
				3F85D1531E43FBB800E5DAA4 /* HCPunctuationButton.swift in Sources */,
				3F85D1501E43FB5500E5DAA4 /* KeyboardViewController.swift in Sources */,
				3F77E1BD1E455A6B005E2133 /* HCSpaceButton.swift in Sources */,
				3F85D15B1E43FD1E00E5DAA4 /* accent.c in Sources */,
				3F85D1551E43FBC100E5DAA4 /* HCGlobeButton.swift in Sources */,
				3F85D1561E43FBC500E5DAA4 /* HCCapsLockButton.swift in Sources */,
				3F0F5E4A1E0F819C00DE5744 /* AppDelegate.swift in Sources */,
				3F77E1BC1E455A67005E2133 /* HCEnterButton.swift in Sources */,
			);
			runOnlyForDeploymentPostprocessing = 0;
		};
		3F0F5E561E0F819C00DE5744 /* Sources */ = {
			isa = PBXSourcesBuildPhase;
			buildActionMask = 2147483647;
			files = (
				3F0F5E5F1E0F819C00DE5744 /* HCPolytonicGreekKBappTests.swift in Sources */,
			);
			runOnlyForDeploymentPostprocessing = 0;
		};
		3F0F5E611E0F819C00DE5744 /* Sources */ = {
			isa = PBXSourcesBuildPhase;
			buildActionMask = 2147483647;
			files = (
				3F0F5E6A1E0F819C00DE5744 /* HCPolytonicGreekKBappUITests.swift in Sources */,
			);
			runOnlyForDeploymentPostprocessing = 0;
		};
		3F0F5E771E0F81D700DE5744 /* Sources */ = {
			isa = PBXSourcesBuildPhase;
			buildActionMask = 2147483647;
			files = (
				3F75BDF01E2B17F00093F18E /* HCAccentButton.swift in Sources */,
				3F0F5E911E0F875A00DE5744 /* accent.c in Sources */,
				3F75BDF21E2B1F2D0093F18E /* HCDeleteButton.swift in Sources */,
				3F0F5E7E1E0F81D700DE5744 /* KeyboardViewController.swift in Sources */,
				3F40D7C01E30026100CD6290 /* HCGlobeButton.swift in Sources */,
				3F77E1B91E4558FF005E2133 /* HCEnterButton.swift in Sources */,
				3F4A66311E3FB802002109FA /* HCPunctuationButton.swift in Sources */,
				3FC696F61E31BDA600121658 /* HCCapsLockButton.swift in Sources */,
				3F4547AD1E2B0A6300946694 /* HCbutton.swift in Sources */,
				3F77E1BB1E455917005E2133 /* HCSpaceButton.swift in Sources */,
			);
			runOnlyForDeploymentPostprocessing = 0;
		};
/* End PBXSourcesBuildPhase section */

/* Begin PBXTargetDependency section */
		3F0F5E5C1E0F819C00DE5744 /* PBXTargetDependency */ = {
			isa = PBXTargetDependency;
			target = 3F0F5E451E0F819C00DE5744 /* HCPolytonicGreekKBapp */;
			targetProxy = 3F0F5E5B1E0F819C00DE5744 /* PBXContainerItemProxy */;
		};
		3F0F5E671E0F819C00DE5744 /* PBXTargetDependency */ = {
			isa = PBXTargetDependency;
			target = 3F0F5E451E0F819C00DE5744 /* HCPolytonicGreekKBapp */;
			targetProxy = 3F0F5E661E0F819C00DE5744 /* PBXContainerItemProxy */;
		};
		3F0F5E811E0F81D700DE5744 /* PBXTargetDependency */ = {
			isa = PBXTargetDependency;
			target = 3F0F5E7A1E0F81D700DE5744 /* HCPolytonicGreekKB */;
			targetProxy = 3F0F5E801E0F81D700DE5744 /* PBXContainerItemProxy */;
		};
/* End PBXTargetDependency section */

/* Begin PBXVariantGroup section */
		3F0F5E4D1E0F819C00DE5744 /* Main.storyboard */ = {
			isa = PBXVariantGroup;
			children = (
				3F0F5E4E1E0F819C00DE5744 /* Base */,
			);
			name = Main.storyboard;
			sourceTree = "<group>";
		};
		3F0F5E521E0F819C00DE5744 /* LaunchScreen.storyboard */ = {
			isa = PBXVariantGroup;
			children = (
				3F0F5E531E0F819C00DE5744 /* Base */,
			);
			name = LaunchScreen.storyboard;
			sourceTree = "<group>";
		};
/* End PBXVariantGroup section */

/* Begin XCBuildConfiguration section */
		3F0F5E6C1E0F819C00DE5744 /* Debug */ = {
			isa = XCBuildConfiguration;
			buildSettings = {
				ALWAYS_SEARCH_USER_PATHS = NO;
				CLANG_ANALYZER_NONNULL = YES;
				CLANG_CXX_LANGUAGE_STANDARD = "gnu++0x";
				CLANG_CXX_LIBRARY = "libc++";
				CLANG_ENABLE_MODULES = YES;
				CLANG_ENABLE_OBJC_ARC = YES;
				CLANG_WARN_BOOL_CONVERSION = YES;
				CLANG_WARN_CONSTANT_CONVERSION = YES;
				CLANG_WARN_DIRECT_OBJC_ISA_USAGE = YES_ERROR;
				CLANG_WARN_DOCUMENTATION_COMMENTS = YES;
				CLANG_WARN_EMPTY_BODY = YES;
				CLANG_WARN_ENUM_CONVERSION = YES;
				CLANG_WARN_INFINITE_RECURSION = YES;
				CLANG_WARN_INT_CONVERSION = YES;
				CLANG_WARN_OBJC_ROOT_CLASS = YES_ERROR;
				CLANG_WARN_SUSPICIOUS_MOVE = YES;
				CLANG_WARN_UNREACHABLE_CODE = YES;
				CLANG_WARN__DUPLICATE_METHOD_MATCH = YES;
				"CODE_SIGN_IDENTITY[sdk=iphoneos*]" = "iPhone Developer";
				COPY_PHASE_STRIP = NO;
				DEBUG_INFORMATION_FORMAT = dwarf;
				ENABLE_STRICT_OBJC_MSGSEND = YES;
				ENABLE_TESTABILITY = YES;
				GCC_C_LANGUAGE_STANDARD = gnu99;
				GCC_DYNAMIC_NO_PIC = NO;
				GCC_NO_COMMON_BLOCKS = YES;
				GCC_OPTIMIZATION_LEVEL = 0;
				GCC_PREPROCESSOR_DEFINITIONS = (
					"DEBUG=1",
					"$(inherited)",
				);
				GCC_WARN_64_TO_32_BIT_CONVERSION = YES;
				GCC_WARN_ABOUT_RETURN_TYPE = YES_ERROR;
				GCC_WARN_UNDECLARED_SELECTOR = YES;
				GCC_WARN_UNINITIALIZED_AUTOS = YES_AGGRESSIVE;
				GCC_WARN_UNUSED_FUNCTION = YES;
				GCC_WARN_UNUSED_VARIABLE = YES;
				IPHONEOS_DEPLOYMENT_TARGET = 10.2;
				MTL_ENABLE_DEBUG_INFO = YES;
				ONLY_ACTIVE_ARCH = YES;
				SDKROOT = iphoneos;
				SWIFT_ACTIVE_COMPILATION_CONDITIONS = DEBUG;
				SWIFT_OPTIMIZATION_LEVEL = "-Onone";
				TARGETED_DEVICE_FAMILY = "1,2";
			};
			name = Debug;
		};
		3F0F5E6D1E0F819C00DE5744 /* Release */ = {
			isa = XCBuildConfiguration;
			buildSettings = {
				ALWAYS_SEARCH_USER_PATHS = NO;
				CLANG_ANALYZER_NONNULL = YES;
				CLANG_CXX_LANGUAGE_STANDARD = "gnu++0x";
				CLANG_CXX_LIBRARY = "libc++";
				CLANG_ENABLE_MODULES = YES;
				CLANG_ENABLE_OBJC_ARC = YES;
				CLANG_WARN_BOOL_CONVERSION = YES;
				CLANG_WARN_CONSTANT_CONVERSION = YES;
				CLANG_WARN_DIRECT_OBJC_ISA_USAGE = YES_ERROR;
				CLANG_WARN_DOCUMENTATION_COMMENTS = YES;
				CLANG_WARN_EMPTY_BODY = YES;
				CLANG_WARN_ENUM_CONVERSION = YES;
				CLANG_WARN_INFINITE_RECURSION = YES;
				CLANG_WARN_INT_CONVERSION = YES;
				CLANG_WARN_OBJC_ROOT_CLASS = YES_ERROR;
				CLANG_WARN_SUSPICIOUS_MOVE = YES;
				CLANG_WARN_UNREACHABLE_CODE = YES;
				CLANG_WARN__DUPLICATE_METHOD_MATCH = YES;
				"CODE_SIGN_IDENTITY[sdk=iphoneos*]" = "iPhone Developer";
				COPY_PHASE_STRIP = NO;
				DEBUG_INFORMATION_FORMAT = "dwarf-with-dsym";
				ENABLE_NS_ASSERTIONS = NO;
				ENABLE_STRICT_OBJC_MSGSEND = YES;
				GCC_C_LANGUAGE_STANDARD = gnu99;
				GCC_NO_COMMON_BLOCKS = YES;
				GCC_WARN_64_TO_32_BIT_CONVERSION = YES;
				GCC_WARN_ABOUT_RETURN_TYPE = YES_ERROR;
				GCC_WARN_UNDECLARED_SELECTOR = YES;
				GCC_WARN_UNINITIALIZED_AUTOS = YES_AGGRESSIVE;
				GCC_WARN_UNUSED_FUNCTION = YES;
				GCC_WARN_UNUSED_VARIABLE = YES;
				IPHONEOS_DEPLOYMENT_TARGET = 10.2;
				MTL_ENABLE_DEBUG_INFO = NO;
				SDKROOT = iphoneos;
				SWIFT_OPTIMIZATION_LEVEL = "-Owholemodule";
				TARGETED_DEVICE_FAMILY = "1,2";
				VALIDATE_PRODUCT = YES;
			};
			name = Release;
		};
		3F0F5E6F1E0F819C00DE5744 /* Debug */ = {
			isa = XCBuildConfiguration;
			buildSettings = {
				ALWAYS_EMBED_SWIFT_STANDARD_LIBRARIES = YES;
				ASSETCATALOG_COMPILER_APPICON_NAME = AppIcon;
				CLANG_ENABLE_MODULES = YES;
				CODE_SIGN_ENTITLEMENTS = HCPolytonicGreekKBapp/HCPolytonicGreekKBapp.entitlements;
				DEVELOPMENT_TEAM = EFHC4XFZ38;
				INFOPLIST_FILE = HCPolytonicGreekKBapp/Info.plist;
				IPHONEOS_DEPLOYMENT_TARGET = 9.0;
				LD_RUNPATH_SEARCH_PATHS = "$(inherited) @executable_path/Frameworks";
				PRODUCT_BUNDLE_IDENTIFIER = com.philolog.hoplitekeyboard;
				PRODUCT_NAME = "$(TARGET_NAME)";
				SWIFT_OBJC_BRIDGING_HEADER = "HCPolytonicGreekKBapp/HCPolytonicGreekKBapp-Bridging-Header.h";
				SWIFT_OPTIMIZATION_LEVEL = "-Onone";
				SWIFT_VERSION = 3.0;
			};
			name = Debug;
		};
		3F0F5E701E0F819C00DE5744 /* Release */ = {
			isa = XCBuildConfiguration;
			buildSettings = {
				ALWAYS_EMBED_SWIFT_STANDARD_LIBRARIES = YES;
				ASSETCATALOG_COMPILER_APPICON_NAME = AppIcon;
				CLANG_ENABLE_MODULES = YES;
				CODE_SIGN_ENTITLEMENTS = HCPolytonicGreekKBapp/HCPolytonicGreekKBapp.entitlements;
				DEVELOPMENT_TEAM = EFHC4XFZ38;
				INFOPLIST_FILE = HCPolytonicGreekKBapp/Info.plist;
				IPHONEOS_DEPLOYMENT_TARGET = 9.0;
				LD_RUNPATH_SEARCH_PATHS = "$(inherited) @executable_path/Frameworks";
				PRODUCT_BUNDLE_IDENTIFIER = com.philolog.hoplitekeyboard;
				PRODUCT_NAME = "$(TARGET_NAME)";
				SWIFT_OBJC_BRIDGING_HEADER = "HCPolytonicGreekKBapp/HCPolytonicGreekKBapp-Bridging-Header.h";
				SWIFT_VERSION = 3.0;
			};
			name = Release;
		};
		3F0F5E721E0F819C00DE5744 /* Debug */ = {
			isa = XCBuildConfiguration;
			buildSettings = {
				ALWAYS_EMBED_SWIFT_STANDARD_LIBRARIES = YES;
				BUNDLE_LOADER = "$(TEST_HOST)";
				DEVELOPMENT_TEAM = EFHC4XFZ38;
				INFOPLIST_FILE = HCPolytonicGreekKBappTests/Info.plist;
				LD_RUNPATH_SEARCH_PATHS = "$(inherited) @executable_path/Frameworks @loader_path/Frameworks";
				PRODUCT_BUNDLE_IDENTIFIER = jwm.HCPolytonicGreekKBappTests;
				PRODUCT_NAME = "$(TARGET_NAME)";
				SWIFT_VERSION = 3.0;
				TEST_HOST = "$(BUILT_PRODUCTS_DIR)/HCPolytonicGreekKBapp.app/HCPolytonicGreekKBapp";
			};
			name = Debug;
		};
		3F0F5E731E0F819C00DE5744 /* Release */ = {
			isa = XCBuildConfiguration;
			buildSettings = {
				ALWAYS_EMBED_SWIFT_STANDARD_LIBRARIES = YES;
				BUNDLE_LOADER = "$(TEST_HOST)";
				DEVELOPMENT_TEAM = EFHC4XFZ38;
				INFOPLIST_FILE = HCPolytonicGreekKBappTests/Info.plist;
				LD_RUNPATH_SEARCH_PATHS = "$(inherited) @executable_path/Frameworks @loader_path/Frameworks";
				PRODUCT_BUNDLE_IDENTIFIER = jwm.HCPolytonicGreekKBappTests;
				PRODUCT_NAME = "$(TARGET_NAME)";
				SWIFT_VERSION = 3.0;
				TEST_HOST = "$(BUILT_PRODUCTS_DIR)/HCPolytonicGreekKBapp.app/HCPolytonicGreekKBapp";
			};
			name = Release;
		};
		3F0F5E751E0F819C00DE5744 /* Debug */ = {
			isa = XCBuildConfiguration;
			buildSettings = {
				ALWAYS_EMBED_SWIFT_STANDARD_LIBRARIES = YES;
				DEVELOPMENT_TEAM = EFHC4XFZ38;
				INFOPLIST_FILE = HCPolytonicGreekKBappUITests/Info.plist;
				LD_RUNPATH_SEARCH_PATHS = "$(inherited) @executable_path/Frameworks @loader_path/Frameworks";
				PRODUCT_BUNDLE_IDENTIFIER = jwm.HCPolytonicGreekKBappUITests;
				PRODUCT_NAME = "$(TARGET_NAME)";
				SWIFT_VERSION = 3.0;
				TEST_TARGET_NAME = HCPolytonicGreekKBapp;
			};
			name = Debug;
		};
		3F0F5E761E0F819C00DE5744 /* Release */ = {
			isa = XCBuildConfiguration;
			buildSettings = {
				ALWAYS_EMBED_SWIFT_STANDARD_LIBRARIES = YES;
				DEVELOPMENT_TEAM = EFHC4XFZ38;
				INFOPLIST_FILE = HCPolytonicGreekKBappUITests/Info.plist;
				LD_RUNPATH_SEARCH_PATHS = "$(inherited) @executable_path/Frameworks @loader_path/Frameworks";
				PRODUCT_BUNDLE_IDENTIFIER = jwm.HCPolytonicGreekKBappUITests;
				PRODUCT_NAME = "$(TARGET_NAME)";
				SWIFT_VERSION = 3.0;
				TEST_TARGET_NAME = HCPolytonicGreekKBapp;
			};
			name = Release;
		};
		3F0F5E841E0F81D700DE5744 /* Debug */ = {
			isa = XCBuildConfiguration;
			buildSettings = {
				CLANG_ENABLE_MODULES = YES;
				CODE_SIGN_ENTITLEMENTS = HCPolytonicGreekKB/HCPolytonicGreekKB.entitlements;
				DEVELOPMENT_TEAM = EFHC4XFZ38;
				INFOPLIST_FILE = HCPolytonicGreekKB/Info.plist;
				IPHONEOS_DEPLOYMENT_TARGET = 9.0;
				LD_RUNPATH_SEARCH_PATHS = "$(inherited) @executable_path/Frameworks @executable_path/../../Frameworks";
				PRODUCT_BUNDLE_IDENTIFIER = com.philolog.hoplitekeyboard.hoplitekeyboardext;
				PRODUCT_NAME = "$(TARGET_NAME)";
				SKIP_INSTALL = YES;
				SWIFT_OBJC_BRIDGING_HEADER = "HCPolytonicGreekKB/HCPolytonicGreekKB-Bridging-Header.h";
				SWIFT_OPTIMIZATION_LEVEL = "-Onone";
				SWIFT_VERSION = 3.0;
			};
			name = Debug;
		};
		3F0F5E851E0F81D700DE5744 /* Release */ = {
			isa = XCBuildConfiguration;
			buildSettings = {
				CLANG_ENABLE_MODULES = YES;
				CODE_SIGN_ENTITLEMENTS = HCPolytonicGreekKB/HCPolytonicGreekKB.entitlements;
				DEVELOPMENT_TEAM = EFHC4XFZ38;
				INFOPLIST_FILE = HCPolytonicGreekKB/Info.plist;
				IPHONEOS_DEPLOYMENT_TARGET = 9.0;
				LD_RUNPATH_SEARCH_PATHS = "$(inherited) @executable_path/Frameworks @executable_path/../../Frameworks";
				PRODUCT_BUNDLE_IDENTIFIER = com.philolog.hoplitekeyboard.hoplitekeyboardext;
				PRODUCT_NAME = "$(TARGET_NAME)";
				SKIP_INSTALL = YES;
				SWIFT_OBJC_BRIDGING_HEADER = "HCPolytonicGreekKB/HCPolytonicGreekKB-Bridging-Header.h";
				SWIFT_VERSION = 3.0;
			};
			name = Release;
		};
/* End XCBuildConfiguration section */

/* Begin XCConfigurationList section */
		3F0F5E411E0F819C00DE5744 /* Build configuration list for PBXProject "HCPolytonicGreekKBapp" */ = {
			isa = XCConfigurationList;
			buildConfigurations = (
				3F0F5E6C1E0F819C00DE5744 /* Debug */,
				3F0F5E6D1E0F819C00DE5744 /* Release */,
			);
			defaultConfigurationIsVisible = 0;
			defaultConfigurationName = Release;
		};
		3F0F5E6E1E0F819C00DE5744 /* Build configuration list for PBXNativeTarget "HCPolytonicGreekKBapp" */ = {
			isa = XCConfigurationList;
			buildConfigurations = (
				3F0F5E6F1E0F819C00DE5744 /* Debug */,
				3F0F5E701E0F819C00DE5744 /* Release */,
			);
			defaultConfigurationIsVisible = 0;
			defaultConfigurationName = Release;
		};
		3F0F5E711E0F819C00DE5744 /* Build configuration list for PBXNativeTarget "HCPolytonicGreekKBappTests" */ = {
			isa = XCConfigurationList;
			buildConfigurations = (
				3F0F5E721E0F819C00DE5744 /* Debug */,
				3F0F5E731E0F819C00DE5744 /* Release */,
			);
			defaultConfigurationIsVisible = 0;
			defaultConfigurationName = Release;
		};
		3F0F5E741E0F819C00DE5744 /* Build configuration list for PBXNativeTarget "HCPolytonicGreekKBappUITests" */ = {
			isa = XCConfigurationList;
			buildConfigurations = (
				3F0F5E751E0F819C00DE5744 /* Debug */,
				3F0F5E761E0F819C00DE5744 /* Release */,
			);
			defaultConfigurationIsVisible = 0;
			defaultConfigurationName = Release;
		};
		3F0F5E831E0F81D700DE5744 /* Build configuration list for PBXNativeTarget "HCPolytonicGreekKB" */ = {
			isa = XCConfigurationList;
			buildConfigurations = (
				3F0F5E841E0F81D700DE5744 /* Debug */,
				3F0F5E851E0F81D700DE5744 /* Release */,
			);
			defaultConfigurationIsVisible = 0;
			defaultConfigurationName = Release;
		};
/* End XCConfigurationList section */
	};
	rootObject = 3F0F5E3E1E0F819C00DE5744 /* Project object */;
}
